{
  "name": "centile-grid",
  "version": "0.1.0",
  "lockfileVersion": 3,
  "requires": true,
  "packages": {
    "": {
      "name": "centile-grid",
      "version": "0.1.0",
      "license": "ISC",
      "dependencies": {
        "backlog.md": "1.44.0"
      }
    },
    "node_modules/backlog.md": {
      "version": "1.44.0",
      "resolved": "https://registry.npmjs.org/backlog.md/-/backlog.md-1.44.0.tgz",
      "integrity": "sha512-O+97w/fQVf1RSMHwpgYUabmibCjMjVEq1piTnFf9SfUzlmXAMFmtTA3vMwfTg+tiPLnw1rhQ+hnGR2bOtsGlxA==",
      "license": "MIT",
      "bin": {
        "backlog": "cli.js"
      },
      "optionalDependencies": {
        "backlog.md-darwin-arm64": "1.44.0",
        "backlog.md-darwin-x64": "1.44.0",
        "backlog.md-linux-arm64": "1.44.0",
        "backlog.md-linux-x64": "1.44.0",
        "backlog.md-windows-x64": "1.44.0"
      }
    },
    "node_modules/backlog.md-darwin-arm64": {
      "version": "1.44.0",
      "resolved": "https://registry.npmjs.org/backlog.md-darwin-arm64/-/backlog.md-darwin-arm64-1.44.0.tgz",
      "integrity": "sha512-aa6pNxYuVVov3dVU/xoSkZrgVJcVMX4TxNMqPCFenqlu1QRXDeNxuV/Gu5Az0fnTqqDD3evg4sGkKOy7Oh7erA==",
      "cpu": [
        "arm64"
      ],
      "optional": true,
      "os": [
        "darwin"
      ]
    },
    "node_modules/backlog.md-darwin-x64": {
      "version": "1.44.0",
      "resolved": "https://registry.npmjs.org/backlog.md-darwin-x64/-/backlog.md-darwin-x64-1.44.0.tgz",
      "integrity": "sha512-DL4lpB7IU3QConQSOgM3yxruzl3QT9bB6gXn1UNKaGq0/fPGjvThhEmcATihVqpX5rqjsYP5wGReyAWv4nGfBw==",
      "cpu": [
        "x64"
      ],
      "optional": true,
      "os": [
        "darwin"
      ]
    },
    "node_modules/backlog.md-linux-arm64": {
      "version": "1.44.0",
      "resolved": "https://registry.npmjs.org/backlog.md-linux-arm64/-/backlog.md-linux-arm64-1.44.0.tgz",
      "integrity": "sha512-rxGiYcC2lCUEIB+9fmWAIIwycnkE2QW8sMqC4RTNZhR8AQ8V+ElBskuHcpyOkoWMnCgiPe/nAlBAu6pGpc/tOw==",
      "cpu": [
        "arm64"
      ],
      "optional": true,
      "os": [
        "linux"
      ]
    },
    "node_modules/backlog.md-linux-x64": {
      "version": "1.44.0",
      "resolved": "https://registry.npmjs.org/backlog.md-linux-x64/-/backlog.md-linux-x64-1.44.0.tgz",
      "integrity": "sha512-Ae4fKQx8X7/lFcCDiElz0J+sE8NdkBuWjyv+oxvnXvNmj5lYwrhDNqV5mUGbGFmr601uDwbpWH4uJb49bEuTGg==",
      "cpu": [
        "x64"
      ],
      "optional": true,
      "os": [
        "linux"
      ]
    },
    "node_modules/backlog.md-windows-x64": {
      "version": "1.44.0",
      "resolved": "https://registry.npmjs.org/backlog.md-windows-x64/-/backlog.md-windows-x64-1.44.0.tgz",
      "integrity": "sha512-b2hnX54XuK/hhqvUAKmdAIdD4PJP8OQAMFbKnjGQlT5aKcQa+12B5HOo0Yd5TxOLiNOM4zW+TS2Qu59A1mbE6A==",
      "cpu": [
        "x64"
      ],
      "optional": true,
      "os": [
        "win32"
      ]
    }
  }
}
